// !$*UTF8*$!
{
	archiveVersion = 1;
	classes = {
	};
	objectVersion = 48;
	objects = {

/* Begin PBXBuildFile section */
		54E996937BB261353166209E /* Pods_MacroLife.framework in Frameworks */ = {isa = PBXBuildFile; fileRef = 6D46603A62B2DFDE75516246 /* Pods_MacroLife.framework */; };
		BE0B340D20602120003B026E /* AppDelegate.swift in Sources */ = {isa = PBXBuildFile; fileRef = BE0B340C20602120003B026E /* AppDelegate.swift */; };
		BE0B341220602120003B026E /* Main.storyboard in Resources */ = {isa = PBXBuildFile; fileRef = BE0B341020602120003B026E /* Main.storyboard */; };
		BE0B341420602120003B026E /* Assets.xcassets in Resources */ = {isa = PBXBuildFile; fileRef = BE0B341320602120003B026E /* Assets.xcassets */; };
		BE0B341720602120003B026E /* LaunchScreen.storyboard in Resources */ = {isa = PBXBuildFile; fileRef = BE0B341520602120003B026E /* LaunchScreen.storyboard */; };
		BE0B34232060227E003B026E /* CloudKit.framework in Frameworks */ = {isa = PBXBuildFile; fileRef = BE0B34222060227E003B026E /* CloudKit.framework */; };
		BE0B3428206056AF003B026E /* User.swift in Sources */ = {isa = PBXBuildFile; fileRef = BE0B3427206056AF003B026E /* User.swift */; };
		BE0B342A206056DA003B026E /* Recipe.swift in Sources */ = {isa = PBXBuildFile; fileRef = BE0B3429206056DA003B026E /* Recipe.swift */; };
		BE0B342C20605771003B026E /* RecipesController.swift in Sources */ = {isa = PBXBuildFile; fileRef = BE0B342B20605771003B026E /* RecipesController.swift */; };
		BE0B342E20605784003B026E /* UsersController.swift in Sources */ = {isa = PBXBuildFile; fileRef = BE0B342D20605784003B026E /* UsersController.swift */; };
		BE13C7B520609C9E004DB4C7 /* CloudKitManager.swift in Sources */ = {isa = PBXBuildFile; fileRef = BE13C7B420609C9E004DB4C7 /* CloudKitManager.swift */; };
		BE1DCF002082B7B6003148BE /* Podfile in Resources */ = {isa = PBXBuildFile; fileRef = BE1DCEFF2082B7B6003148BE /* Podfile */; };
		BE26F4A5208E74D70084B06C /* RecipeDetailViewController.swift in Sources */ = {isa = PBXBuildFile; fileRef = BE26F4A4208E74D70084B06C /* RecipeDetailViewController.swift */; };
		BE91D56C20670DF20018928F /* RecipeEditDetailViewController.swift in Sources */ = {isa = PBXBuildFile; fileRef = BE91D56B20670DF20018928F /* RecipeEditDetailViewController.swift */; };
		BE95244F2061B70300722E51 /* ProfileImagePickerHelper.swift in Sources */ = {isa = PBXBuildFile; fileRef = BE95244E2061B70300722E51 /* ProfileImagePickerHelper.swift */; };
		BEAE3149208669FE00A180A1 /* LoginViewController+TextField.swift in Sources */ = {isa = PBXBuildFile; fileRef = BEAE3148208669FE00A180A1 /* LoginViewController+TextField.swift */; };
		BEAE314C2088FD0B00A180A1 /* RecipeCollectionViewCell.swift in Sources */ = {isa = PBXBuildFile; fileRef = BEAE314B2088FD0B00A180A1 /* RecipeCollectionViewCell.swift */; };
		BEAE31542089241600A180A1 /* EditProfileViewController.swift in Sources */ = {isa = PBXBuildFile; fileRef = BEAE31532089241600A180A1 /* EditProfileViewController.swift */; };
		BEE17656206177D500177909 /* LoginViewController.swift in Sources */ = {isa = PBXBuildFile; fileRef = BEE17655206177D500177909 /* LoginViewController.swift */; };
		BEE17658206177E800177909 /* SignUpViewController.swift in Sources */ = {isa = PBXBuildFile; fileRef = BEE17657206177E800177909 /* SignUpViewController.swift */; };
		BEE1765A206177FC00177909 /* ProfileViewController.swift in Sources */ = {isa = PBXBuildFile; fileRef = BEE17659206177FC00177909 /* ProfileViewController.swift */; };
		BEE1765E2061A2F500177909 /* RecipeImagePickerHelper.swift in Sources */ = {isa = PBXBuildFile; fileRef = BEE1765D2061A2F500177909 /* RecipeImagePickerHelper.swift */; };
		BEE176602061AC0900177909 /* RecipeCollectionViewController.swift in Sources */ = {isa = PBXBuildFile; fileRef = BEE1765F2061AC0900177909 /* RecipeCollectionViewController.swift */; };
/* End PBXBuildFile section */

/* Begin PBXFileReference section */
		6D46603A62B2DFDE75516246 /* Pods_MacroLife.framework */ = {isa = PBXFileReference; explicitFileType = wrapper.framework; includeInIndex = 0; path = Pods_MacroLife.framework; sourceTree = BUILT_PRODUCTS_DIR; };
		8A15078A1AF21BDE81762434 /* Pods-MacroLife.debug.xcconfig */ = {isa = PBXFileReference; includeInIndex = 1; lastKnownFileType = text.xcconfig; name = "Pods-MacroLife.debug.xcconfig"; path = "Pods/Target Support Files/Pods-MacroLife/Pods-MacroLife.debug.xcconfig"; sourceTree = "<group>"; };
		BE0B34092060211F003B026E /* MacroLife.app */ = {isa = PBXFileReference; explicitFileType = wrapper.application; includeInIndex = 0; path = MacroLife.app; sourceTree = BUILT_PRODUCTS_DIR; };
		BE0B340C20602120003B026E /* AppDelegate.swift */ = {isa = PBXFileReference; lastKnownFileType = sourcecode.swift; path = AppDelegate.swift; sourceTree = "<group>"; };
		BE0B341120602120003B026E /* Base */ = {isa = PBXFileReference; lastKnownFileType = file.storyboard; name = Base; path = Base.lproj/Main.storyboard; sourceTree = "<group>"; };
		BE0B341320602120003B026E /* Assets.xcassets */ = {isa = PBXFileReference; lastKnownFileType = folder.assetcatalog; path = Assets.xcassets; sourceTree = "<group>"; };
		BE0B341620602120003B026E /* Base */ = {isa = PBXFileReference; lastKnownFileType = file.storyboard; name = Base; path = Base.lproj/LaunchScreen.storyboard; sourceTree = "<group>"; };
		BE0B341820602120003B026E /* Info.plist */ = {isa = PBXFileReference; lastKnownFileType = text.plist.xml; path = Info.plist; sourceTree = "<group>"; };
		BE0B342020602277003B026E /* MacroLife.entitlements */ = {isa = PBXFileReference; lastKnownFileType = text.plist.entitlements; path = MacroLife.entitlements; sourceTree = "<group>"; };
		BE0B34222060227E003B026E /* CloudKit.framework */ = {isa = PBXFileReference; lastKnownFileType = wrapper.framework; name = CloudKit.framework; path = System/Library/Frameworks/CloudKit.framework; sourceTree = SDKROOT; };
		BE0B3427206056AF003B026E /* User.swift */ = {isa = PBXFileReference; lastKnownFileType = sourcecode.swift; path = User.swift; sourceTree = "<group>"; };
		BE0B3429206056DA003B026E /* Recipe.swift */ = {isa = PBXFileReference; lastKnownFileType = sourcecode.swift; path = Recipe.swift; sourceTree = "<group>"; };
		BE0B342B20605771003B026E /* RecipesController.swift */ = {isa = PBXFileReference; lastKnownFileType = sourcecode.swift; path = RecipesController.swift; sourceTree = "<group>"; };
		BE0B342D20605784003B026E /* UsersController.swift */ = {isa = PBXFileReference; lastKnownFileType = sourcecode.swift; path = UsersController.swift; sourceTree = "<group>"; };
		BE13C7B420609C9E004DB4C7 /* CloudKitManager.swift */ = {isa = PBXFileReference; lastKnownFileType = sourcecode.swift; path = CloudKitManager.swift; sourceTree = "<group>"; };
		BE1DCEFF2082B7B6003148BE /* Podfile */ = {isa = PBXFileReference; fileEncoding = 4; lastKnownFileType = text; path = Podfile; sourceTree = "<group>"; xcLanguageSpecificationIdentifier = xcode.lang.ruby; };
		BE26F4A4208E74D70084B06C /* RecipeDetailViewController.swift */ = {isa = PBXFileReference; lastKnownFileType = sourcecode.swift; path = RecipeDetailViewController.swift; sourceTree = "<group>"; };
		BE91D56B20670DF20018928F /* RecipeEditDetailViewController.swift */ = {isa = PBXFileReference; lastKnownFileType = sourcecode.swift; path = RecipeEditDetailViewController.swift; sourceTree = "<group>"; };
		BE95244E2061B70300722E51 /* ProfileImagePickerHelper.swift */ = {isa = PBXFileReference; lastKnownFileType = sourcecode.swift; path = ProfileImagePickerHelper.swift; sourceTree = "<group>"; };
		BEAE3148208669FE00A180A1 /* LoginViewController+TextField.swift */ = {isa = PBXFileReference; lastKnownFileType = sourcecode.swift; path = "LoginViewController+TextField.swift"; sourceTree = "<group>"; };
		BEAE314B2088FD0B00A180A1 /* RecipeCollectionViewCell.swift */ = {isa = PBXFileReference; lastKnownFileType = sourcecode.swift; path = RecipeCollectionViewCell.swift; sourceTree = "<group>"; };
		BEAE31532089241600A180A1 /* EditProfileViewController.swift */ = {isa = PBXFileReference; lastKnownFileType = sourcecode.swift; path = EditProfileViewController.swift; sourceTree = "<group>"; };
		BEE17655206177D500177909 /* LoginViewController.swift */ = {isa = PBXFileReference; lastKnownFileType = sourcecode.swift; path = LoginViewController.swift; sourceTree = "<group>"; };
		BEE17657206177E800177909 /* SignUpViewController.swift */ = {isa = PBXFileReference; lastKnownFileType = sourcecode.swift; path = SignUpViewController.swift; sourceTree = "<group>"; };
		BEE17659206177FC00177909 /* ProfileViewController.swift */ = {isa = PBXFileReference; lastKnownFileType = sourcecode.swift; path = ProfileViewController.swift; sourceTree = "<group>"; };
		BEE1765D2061A2F500177909 /* RecipeImagePickerHelper.swift */ = {isa = PBXFileReference; lastKnownFileType = sourcecode.swift; path = RecipeImagePickerHelper.swift; sourceTree = "<group>"; };
		BEE1765F2061AC0900177909 /* RecipeCollectionViewController.swift */ = {isa = PBXFileReference; lastKnownFileType = sourcecode.swift; path = RecipeCollectionViewController.swift; sourceTree = "<group>"; };
		FE60C6ABC255AF84E3A90161 /* Pods-MacroLife.release.xcconfig */ = {isa = PBXFileReference; includeInIndex = 1; lastKnownFileType = text.xcconfig; name = "Pods-MacroLife.release.xcconfig"; path = "Pods/Target Support Files/Pods-MacroLife/Pods-MacroLife.release.xcconfig"; sourceTree = "<group>"; };
/* End PBXFileReference section */

/* Begin PBXFrameworksBuildPhase section */
		BE0B34062060211F003B026E /* Frameworks */ = {
			isa = PBXFrameworksBuildPhase;
			buildActionMask = 2147483647;
			files = (
				BE0B34232060227E003B026E /* CloudKit.framework in Frameworks */,
				54E996937BB261353166209E /* Pods_MacroLife.framework in Frameworks */,
			);
			runOnlyForDeploymentPostprocessing = 0;
		};
/* End PBXFrameworksBuildPhase section */

/* Begin PBXGroup section */
		59709416172C72E00EE4D97F /* Pods */ = {
			isa = PBXGroup;
			children = (
				8A15078A1AF21BDE81762434 /* Pods-MacroLife.debug.xcconfig */,
				FE60C6ABC255AF84E3A90161 /* Pods-MacroLife.release.xcconfig */,
			);
			name = Pods;
			sourceTree = "<group>";
		};
		BE0B34002060211F003B026E = {
			isa = PBXGroup;
			children = (
				BE1DCEFF2082B7B6003148BE /* Podfile */,
				BE0B340B2060211F003B026E /* MacroLife */,
				BE0B340A2060211F003B026E /* Products */,
				BE0B34212060227E003B026E /* Frameworks */,
				59709416172C72E00EE4D97F /* Pods */,
			);
			sourceTree = "<group>";
		};
		BE0B340A2060211F003B026E /* Products */ = {
			isa = PBXGroup;
			children = (
				BE0B34092060211F003B026E /* MacroLife.app */,
			);
			name = Products;
			sourceTree = "<group>";
		};
		BE0B340B2060211F003B026E /* MacroLife */ = {
			isa = PBXGroup;
			children = (
				BE0B342020602277003B026E /* MacroLife.entitlements */,
				BE0B341F20602257003B026E /* UI */,
				BE0B3426206023A7003B026E /* Model */,
				BE0B34252060239E003B026E /* ModelControllers */,
				BEAE314D208904BD00A180A1 /* CollectionViewCell */,
				BE0B34242060238B003B026E /* VIewControllers */,
				BEAE314A20866AC500A180A1 /* Extensions */,
				BE13C7B320609C78004DB4C7 /* CloudKit */,
				BE0B341E2060224C003B026E /* Resources */,
			);
			path = MacroLife;
			sourceTree = "<group>";
		};
		BE0B341E2060224C003B026E /* Resources */ = {
			isa = PBXGroup;
			children = (
				BE0B340C20602120003B026E /* AppDelegate.swift */,
				BE0B341320602120003B026E /* Assets.xcassets */,
				BE0B341520602120003B026E /* LaunchScreen.storyboard */,
				BE0B341820602120003B026E /* Info.plist */,
			);
			path = Resources;
			sourceTree = "<group>";
		};
		BE0B341F20602257003B026E /* UI */ = {
			isa = PBXGroup;
			children = (
				BE0B341020602120003B026E /* Main.storyboard */,
			);
			path = UI;
			sourceTree = "<group>";
		};
		BE0B34212060227E003B026E /* Frameworks */ = {
			isa = PBXGroup;
			children = (
				BE0B34222060227E003B026E /* CloudKit.framework */,
				6D46603A62B2DFDE75516246 /* Pods_MacroLife.framework */,
			);
			name = Frameworks;
			sourceTree = "<group>";
		};
		BE0B34242060238B003B026E /* VIewControllers */ = {
			isa = PBXGroup;
			children = (
				BEE17655206177D500177909 /* LoginViewController.swift */,
				BEE17657206177E800177909 /* SignUpViewController.swift */,
				BEE17659206177FC00177909 /* ProfileViewController.swift */,
				BEAE31532089241600A180A1 /* EditProfileViewController.swift */,
				BE95244E2061B70300722E51 /* ProfileImagePickerHelper.swift */,
				BEE1765F2061AC0900177909 /* RecipeCollectionViewController.swift */,
				BE91D56B20670DF20018928F /* RecipeEditDetailViewController.swift */,
				BE26F4A4208E74D70084B06C /* RecipeDetailViewController.swift */,
				BEE1765D2061A2F500177909 /* RecipeImagePickerHelper.swift */,
			);
			path = VIewControllers;
			sourceTree = "<group>";
		};
		BE0B34252060239E003B026E /* ModelControllers */ = {
			isa = PBXGroup;
			children = (
				BE0B342D20605784003B026E /* UsersController.swift */,
				BE0B342B20605771003B026E /* RecipesController.swift */,
			);
			path = ModelControllers;
			sourceTree = "<group>";
		};
		BE0B3426206023A7003B026E /* Model */ = {
			isa = PBXGroup;
			children = (
				BE0B3427206056AF003B026E /* User.swift */,
				BE0B3429206056DA003B026E /* Recipe.swift */,
			);
			path = Model;
			sourceTree = "<group>";
		};
		BE13C7B320609C78004DB4C7 /* CloudKit */ = {
			isa = PBXGroup;
			children = (
				BE13C7B420609C9E004DB4C7 /* CloudKitManager.swift */,
			);
			name = CloudKit;
			sourceTree = "<group>";
		};
		BEAE314A20866AC500A180A1 /* Extensions */ = {
			isa = PBXGroup;
			children = (
				BEAE3148208669FE00A180A1 /* LoginViewController+TextField.swift */,
			);
			name = Extensions;
			path = ../Extensions;
			sourceTree = "<group>";
		};
		BEAE314D208904BD00A180A1 /* CollectionViewCell */ = {
			isa = PBXGroup;
			children = (
				BEAE314B2088FD0B00A180A1 /* RecipeCollectionViewCell.swift */,
			);
			path = CollectionViewCell;
			sourceTree = "<group>";
		};
/* End PBXGroup section */

/* Begin PBXNativeTarget section */
		BE0B34082060211F003B026E /* MacroLife */ = {
			isa = PBXNativeTarget;
			buildConfigurationList = BE0B341B20602120003B026E /* Build configuration list for PBXNativeTarget "MacroLife" */;
			buildPhases = (
				79DEC2BE9B263C754E9AE514 /* [CP] Check Pods Manifest.lock */,
				BE0B34052060211F003B026E /* Sources */,
				BE0B34062060211F003B026E /* Frameworks */,
				BE0B34072060211F003B026E /* Resources */,
				EC97E10AE067320388142EA8 /* [CP] Embed Pods Frameworks */,
			);
			buildRules = (
			);
			dependencies = (
			);
			name = MacroLife;
			productName = MacroLife;
			productReference = BE0B34092060211F003B026E /* MacroLife.app */;
			productType = "com.apple.product-type.application";
		};
/* End PBXNativeTarget section */

/* Begin PBXProject section */
		BE0B34012060211F003B026E /* Project object */ = {
			isa = PBXProject;
			attributes = {
				LastSwiftUpdateCheck = 0920;
				LastUpgradeCheck = 0930;
				ORGANIZATIONNAME = "Tyler Clonts";
				TargetAttributes = {
					BE0B34082060211F003B026E = {
						CreatedOnToolsVersion = 9.2;
						ProvisioningStyle = Automatic;
						SystemCapabilities = {
							com.apple.Push = {
								enabled = 1;
							};
							com.apple.iCloud = {
								enabled = 1;
							};
						};
					};
				};
			};
			buildConfigurationList = BE0B34042060211F003B026E /* Build configuration list for PBXProject "MacroLife" */;
			compatibilityVersion = "Xcode 8.0";
			developmentRegion = en;
			hasScannedForEncodings = 0;
			knownRegions = (
				en,
				Base,
			);
			mainGroup = BE0B34002060211F003B026E;
			productRefGroup = BE0B340A2060211F003B026E /* Products */;
			projectDirPath = "";
			projectRoot = "";
			targets = (
				BE0B34082060211F003B026E /* MacroLife */,
			);
		};
/* End PBXProject section */

/* Begin PBXResourcesBuildPhase section */
		BE0B34072060211F003B026E /* Resources */ = {
			isa = PBXResourcesBuildPhase;
			buildActionMask = 2147483647;
			files = (
				BE0B341720602120003B026E /* LaunchScreen.storyboard in Resources */,
				BE0B341420602120003B026E /* Assets.xcassets in Resources */,
				BE1DCF002082B7B6003148BE /* Podfile in Resources */,
				BE0B341220602120003B026E /* Main.storyboard in Resources */,
			);
			runOnlyForDeploymentPostprocessing = 0;
		};
/* End PBXResourcesBuildPhase section */

/* Begin PBXShellScriptBuildPhase section */
		79DEC2BE9B263C754E9AE514 /* [CP] Check Pods Manifest.lock */ = {
			isa = PBXShellScriptBuildPhase;
			buildActionMask = 2147483647;
			files = (
			);
			inputPaths = (
				"${PODS_PODFILE_DIR_PATH}/Podfile.lock",
				"${PODS_ROOT}/Manifest.lock",
			);
			name = "[CP] Check Pods Manifest.lock";
			outputPaths = (
				"$(DERIVED_FILE_DIR)/Pods-MacroLife-checkManifestLockResult.txt",
			);
			runOnlyForDeploymentPostprocessing = 0;
			shellPath = /bin/sh;
			shellScript = "diff \"${PODS_PODFILE_DIR_PATH}/Podfile.lock\" \"${PODS_ROOT}/Manifest.lock\" > /dev/null\nif [ $? != 0 ] ; then\n    # print error to STDERR\n    echo \"error: The sandbox is not in sync with the Podfile.lock. Run 'pod install' or update your CocoaPods installation.\" >&2\n    exit 1\nfi\n# This output is used by Xcode 'outputs' to avoid re-running this script phase.\necho \"SUCCESS\" > \"${SCRIPT_OUTPUT_FILE_0}\"\n";
			showEnvVarsInLog = 0;
		};
		EC97E10AE067320388142EA8 /* [CP] Embed Pods Frameworks */ = {
			isa = PBXShellScriptBuildPhase;
			buildActionMask = 2147483647;
			files = (
			);
			inputPaths = (
				"${SRCROOT}/Pods/Target Support Files/Pods-MacroLife/Pods-MacroLife-frameworks.sh",
				"${BUILT_PRODUCTS_DIR}/IQKeyboardManagerSwift/IQKeyboardManagerSwift.framework",
			);
			name = "[CP] Embed Pods Frameworks";
			outputPaths = (
				"${TARGET_BUILD_DIR}/${FRAMEWORKS_FOLDER_PATH}/IQKeyboardManagerSwift.framework",
			);
			runOnlyForDeploymentPostprocessing = 0;
			shellPath = /bin/sh;
			shellScript = "\"${SRCROOT}/Pods/Target Support Files/Pods-MacroLife/Pods-MacroLife-frameworks.sh\"\n";
			showEnvVarsInLog = 0;
		};
/* End PBXShellScriptBuildPhase section */

/* Begin PBXSourcesBuildPhase section */
		BE0B34052060211F003B026E /* Sources */ = {
			isa = PBXSourcesBuildPhase;
			buildActionMask = 2147483647;
			files = (
				BE0B342A206056DA003B026E /* Recipe.swift in Sources */,
				BEE17658206177E800177909 /* SignUpViewController.swift in Sources */,
				BEE17656206177D500177909 /* LoginViewController.swift in Sources */,
				BE0B342E20605784003B026E /* UsersController.swift in Sources */,
				BE13C7B520609C9E004DB4C7 /* CloudKitManager.swift in Sources */,
				BE0B342C20605771003B026E /* RecipesController.swift in Sources */,
				BEE176602061AC0900177909 /* RecipeCollectionViewController.swift in Sources */,
				BE91D56C20670DF20018928F /* RecipeEditDetailViewController.swift in Sources */,
				BEE1765E2061A2F500177909 /* RecipeImagePickerHelper.swift in Sources */,
				BEAE31542089241600A180A1 /* EditProfileViewController.swift in Sources */,
				BEE1765A206177FC00177909 /* ProfileViewController.swift in Sources */,
				BE0B3428206056AF003B026E /* User.swift in Sources */,
				BE0B340D20602120003B026E /* AppDelegate.swift in Sources */,
				BEAE314C2088FD0B00A180A1 /* RecipeCollectionViewCell.swift in Sources */,
				BE26F4A5208E74D70084B06C /* RecipeDetailViewController.swift in Sources */,
				BEAE3149208669FE00A180A1 /* LoginViewController+TextField.swift in Sources */,
				BE95244F2061B70300722E51 /* ProfileImagePickerHelper.swift in Sources */,
			);
			runOnlyForDeploymentPostprocessing = 0;
		};
/* End PBXSourcesBuildPhase section */

/* Begin PBXVariantGroup section */
		BE0B341020602120003B026E /* Main.storyboard */ = {
			isa = PBXVariantGroup;
			children = (
				BE0B341120602120003B026E /* Base */,
			);
			name = Main.storyboard;
			sourceTree = "<group>";
		};
		BE0B341520602120003B026E /* LaunchScreen.storyboard */ = {
			isa = PBXVariantGroup;
			children = (
				BE0B341620602120003B026E /* Base */,
			);
			name = LaunchScreen.storyboard;
			sourceTree = "<group>";
		};
/* End PBXVariantGroup section */

/* Begin XCBuildConfiguration section */
		BE0B341920602120003B026E /* Debug */ = {
			isa = XCBuildConfiguration;
			buildSettings = {
				ALWAYS_SEARCH_USER_PATHS = NO;
				CLANG_ANALYZER_NONNULL = YES;
				CLANG_ANALYZER_NUMBER_OBJECT_CONVERSION = YES_AGGRESSIVE;
				CLANG_CXX_LANGUAGE_STANDARD = "gnu++14";
				CLANG_CXX_LIBRARY = "libc++";
				CLANG_ENABLE_MODULES = YES;
				CLANG_ENABLE_OBJC_ARC = YES;
				CLANG_WARN_BLOCK_CAPTURE_AUTORELEASING = YES;
				CLANG_WARN_BOOL_CONVERSION = YES;
				CLANG_WARN_COMMA = YES;
				CLANG_WARN_CONSTANT_CONVERSION = YES;
				CLANG_WARN_DEPRECATED_OBJC_IMPLEMENTATIONS = YES;
				CLANG_WARN_DIRECT_OBJC_ISA_USAGE = YES_ERROR;
				CLANG_WARN_DOCUMENTATION_COMMENTS = YES;
				CLANG_WARN_EMPTY_BODY = YES;
				CLANG_WARN_ENUM_CONVERSION = YES;
				CLANG_WARN_INFINITE_RECURSION = YES;
				CLANG_WARN_INT_CONVERSION = YES;
				CLANG_WARN_NON_LITERAL_NULL_CONVERSION = YES;
				CLANG_WARN_OBJC_IMPLICIT_RETAIN_SELF = YES;
				CLANG_WARN_OBJC_LITERAL_CONVERSION = YES;
				CLANG_WARN_OBJC_ROOT_CLASS = YES_ERROR;
				CLANG_WARN_RANGE_LOOP_ANALYSIS = YES;
				CLANG_WARN_STRICT_PROTOTYPES = YES;
				CLANG_WARN_SUSPICIOUS_MOVE = YES;
				CLANG_WARN_UNGUARDED_AVAILABILITY = YES_AGGRESSIVE;
				CLANG_WARN_UNREACHABLE_CODE = YES;
				CLANG_WARN__DUPLICATE_METHOD_MATCH = YES;
				CODE_SIGN_IDENTITY = "iPhone Developer";
				COPY_PHASE_STRIP = NO;
				DEBUG_INFORMATION_FORMAT = dwarf;
				ENABLE_STRICT_OBJC_MSGSEND = YES;
				ENABLE_TESTABILITY = YES;
				GCC_C_LANGUAGE_STANDARD = gnu11;
				GCC_DYNAMIC_NO_PIC = NO;
				GCC_NO_COMMON_BLOCKS = YES;
				GCC_OPTIMIZATION_LEVEL = 0;
				GCC_PREPROCESSOR_DEFINITIONS = (
					"DEBUG=1",
					"$(inherited)",
				);
				GCC_WARN_64_TO_32_BIT_CONVERSION = YES;
				GCC_WARN_ABOUT_RETURN_TYPE = YES_ERROR;
				GCC_WARN_UNDECLARED_SELECTOR = YES;
				GCC_WARN_UNINITIALIZED_AUTOS = YES_AGGRESSIVE;
				GCC_WARN_UNUSED_FUNCTION = YES;
				GCC_WARN_UNUSED_VARIABLE = YES;
				IPHONEOS_DEPLOYMENT_TARGET = 11.2;
				MTL_ENABLE_DEBUG_INFO = YES;
				ONLY_ACTIVE_ARCH = YES;
				SDKROOT = iphoneos;
				SWIFT_ACTIVE_COMPILATION_CONDITIONS = DEBUG;
				SWIFT_OPTIMIZATION_LEVEL = "-Onone";
			};
			name = Debug;
		};
		BE0B341A20602120003B026E /* Release */ = {
			isa = XCBuildConfiguration;
			buildSettings = {
				ALWAYS_SEARCH_USER_PATHS = NO;
				CLANG_ANALYZER_NONNULL = YES;
				CLANG_ANALYZER_NUMBER_OBJECT_CONVERSION = YES_AGGRESSIVE;
				CLANG_CXX_LANGUAGE_STANDARD = "gnu++14";
				CLANG_CXX_LIBRARY = "libc++";
				CLANG_ENABLE_MODULES = YES;
				CLANG_ENABLE_OBJC_ARC = YES;
				CLANG_WARN_BLOCK_CAPTURE_AUTORELEASING = YES;
				CLANG_WARN_BOOL_CONVERSION = YES;
				CLANG_WARN_COMMA = YES;
				CLANG_WARN_CONSTANT_CONVERSION = YES;
				CLANG_WARN_DEPRECATED_OBJC_IMPLEMENTATIONS = YES;
				CLANG_WARN_DIRECT_OBJC_ISA_USAGE = YES_ERROR;
				CLANG_WARN_DOCUMENTATION_COMMENTS = YES;
				CLANG_WARN_EMPTY_BODY = YES;
				CLANG_WARN_ENUM_CONVERSION = YES;
				CLANG_WARN_INFINITE_RECURSION = YES;
				CLANG_WARN_INT_CONVERSION = YES;
				CLANG_WARN_NON_LITERAL_NULL_CONVERSION = YES;
				CLANG_WARN_OBJC_IMPLICIT_RETAIN_SELF = YES;
				CLANG_WARN_OBJC_LITERAL_CONVERSION = YES;
				CLANG_WARN_OBJC_ROOT_CLASS = YES_ERROR;
				CLANG_WARN_RANGE_LOOP_ANALYSIS = YES;
				CLANG_WARN_STRICT_PROTOTYPES = YES;
				CLANG_WARN_SUSPICIOUS_MOVE = YES;
				CLANG_WARN_UNGUARDED_AVAILABILITY = YES_AGGRESSIVE;
				CLANG_WARN_UNREACHABLE_CODE = YES;
				CLANG_WARN__DUPLICATE_METHOD_MATCH = YES;
				CODE_SIGN_IDENTITY = "iPhone Developer";
				COPY_PHASE_STRIP = NO;
				DEBUG_INFORMATION_FORMAT = "dwarf-with-dsym";
				ENABLE_NS_ASSERTIONS = NO;
				ENABLE_STRICT_OBJC_MSGSEND = YES;
				GCC_C_LANGUAGE_STANDARD = gnu11;
				GCC_NO_COMMON_BLOCKS = YES;
				GCC_WARN_64_TO_32_BIT_CONVERSION = YES;
				GCC_WARN_ABOUT_RETURN_TYPE = YES_ERROR;
				GCC_WARN_UNDECLARED_SELECTOR = YES;
				GCC_WARN_UNINITIALIZED_AUTOS = YES_AGGRESSIVE;
				GCC_WARN_UNUSED_FUNCTION = YES;
				GCC_WARN_UNUSED_VARIABLE = YES;
				IPHONEOS_DEPLOYMENT_TARGET = 11.2;
				MTL_ENABLE_DEBUG_INFO = NO;
				SDKROOT = iphoneos;
				SWIFT_OPTIMIZATION_LEVEL = "-Owholemodule";
				VALIDATE_PRODUCT = YES;
			};
			name = Release;
		};
		BE0B341C20602120003B026E /* Debug */ = {
			isa = XCBuildConfiguration;
			baseConfigurationReference = 8A15078A1AF21BDE81762434 /* Pods-MacroLife.debug.xcconfig */;
			buildSettings = {
				ASSETCATALOG_COMPILER_APPICON_NAME = AppIcon;
				CODE_SIGN_ENTITLEMENTS = MacroLife/MacroLife.entitlements;
				CODE_SIGN_STYLE = Automatic;
				DEVELOPMENT_TEAM = XUF99SR6PQ;
				INFOPLIST_FILE = "$(SRCROOT)/MacroLife/Resources/Info.plist";
				IPHONEOS_DEPLOYMENT_TARGET = 11.3;
				LD_RUNPATH_SEARCH_PATHS = "$(inherited) @executable_path/Frameworks";
				PRODUCT_BUNDLE_IDENTIFIER = com.TylerClonts.MacroLife;
				PRODUCT_NAME = "$(TARGET_NAME)";
				SWIFT_VERSION = 4.0;
				TARGETED_DEVICE_FAMILY = "1,2";
			};
			name = Debug;
		};
		BE0B341D20602120003B026E /* Release */ = {
			isa = XCBuildConfiguration;
			baseConfigurationReference = FE60C6ABC255AF84E3A90161 /* Pods-MacroLife.release.xcconfig */;
			buildSettings = {
				ASSETCATALOG_COMPILER_APPICON_NAME = AppIcon;
				CODE_SIGN_ENTITLEMENTS = MacroLife/MacroLife.entitlements;
				CODE_SIGN_STYLE = Automatic;
				DEVELOPMENT_TEAM = XUF99SR6PQ;
				INFOPLIST_FILE = "$(SRCROOT)/MacroLife/Resources/Info.plist";
				IPHONEOS_DEPLOYMENT_TARGET = 11.3;
				LD_RUNPATH_SEARCH_PATHS = "$(inherited) @executable_path/Frameworks";
				PRODUCT_BUNDLE_IDENTIFIER = com.TylerClonts.MacroLife;
				PRODUCT_NAME = "$(TARGET_NAME)";
				SWIFT_VERSION = 4.0;
				TARGETED_DEVICE_FAMILY = "1,2";
			};
			name = Release;
		};
/* End XCBuildConfiguration section */

/* Begin XCConfigurationList section */
		BE0B34042060211F003B026E /* Build configuration list for PBXProject "MacroLife" */ = {
			isa = XCConfigurationList;
			buildConfigurations = (
				BE0B341920602120003B026E /* Debug */,
				BE0B341A20602120003B026E /* Release */,
			);
			defaultConfigurationIsVisible = 0;
			defaultConfigurationName = Release;
		};
		BE0B341B20602120003B026E /* Build configuration list for PBXNativeTarget "MacroLife" */ = {
			isa = XCConfigurationList;
			buildConfigurations = (
				BE0B341C20602120003B026E /* Debug */,
				BE0B341D20602120003B026E /* Release */,
			);
			defaultConfigurationIsVisible = 0;
			defaultConfigurationName = Release;
		};
/* End XCConfigurationList section */
	};
	rootObject = BE0B34012060211F003B026E /* Project object */;
}
